
Microsoft Visual Studio Solution File, Format Version 10.00
# Visual Basic Express 2008
Project("{FAE04EC0-301F-11D3-BF4B-00C04F79EFBC}") = "WindowsApplication14", "WindowsApplication14\WindowsApplication14.csproj", "{084F842F-5579-4E11-9757-CD871A33EE60}"
EndProject
Global
	GlobalSection(SolutionConfigurationPlatforms) = preSolution
		Debug|Any CPU = Debug|Any CPU
		Release|Any CPU = Release|Any CPU
	EndGlobalSection
	GlobalSection(ProjectConfigurationPlatforms) = postSolution
		{084F842F-5579-4E11-9757-CD871A33EE60}.Debug|Any CPU.ActiveCfg = Debug|Any CPU
		{084F842F-5579-4E11-9757-CD871A33EE60}.Debug|Any CPU.Build.0 = Debug|Any CPU
		{084F842F-5579-4E11-9757-CD871A33EE60}.Release|Any CPU.ActiveCfg = Release|Any CPU
		{084F842F-5579-4E11-9757-CD871A33EE60}.Release|Any CPU.Build.0 = Release|Any CPU
	EndGlobalSection
	GlobalSection(SolutionProperties) = preSolution
		HideSolutionNode = FALSE
	EndGlobalSection
EndGlobal
